
Microsoft Visual Studio Solution File, Format Version 12.00
# Visual Studio Version 16
VisualStudioVersion = 16.0.29424.173
MinimumVisualStudioVersion = 10.0.40219.1
Project("{FAE04EC0-301F-11D3-BF4B-00C04F79EFBC}") = "AppliedArithmetics", "AppliedArithmetics\AppliedArithmetics.csproj", "{DE7A596B-D7B6-4E66-A42D-3AF496C5C0D3}"
EndProject
Global
	GlobalSection(SolutionConfigurationPlatforms) = preSolution
		Debug|Any CPU = Debug|Any CPU
		Release|Any CPU = Release|Any CPU
	EndGlobalSection
	GlobalSection(ProjectConfigurationPlatforms) = postSolution
		{DE7A596B-D7B6-4E66-A42D-3AF496C5C0D3}.Debug|Any CPU.ActiveCfg = Debug|Any CPU
		{DE7A596B-D7B6-4E66-A42D-3AF496C5C0D3}.Debug|Any CPU.Build.0 = Debug|Any CPU
		{DE7A596B-D7B6-4E66-A42D-3AF496C5C0D3}.Release|Any CPU.ActiveCfg = Release|Any CPU
		{DE7A596B-D7B6-4E66-A42D-3AF496C5C0D3}.Release|Any CPU.Build.0 = Release|Any CPU
	EndGlobalSection
	GlobalSection(SolutionProperties) = preSolution
		HideSolutionNode = FALSE
	EndGlobalSection
	GlobalSection(ExtensibilityGlobals) = postSolution
		SolutionGuid = {560C9D15-6F56-44C3-864E-DCC804FC721D}
	EndGlobalSection
EndGlobal
