
Microsoft Visual Studio Solution File, Format Version 12.00
# Visual Studio Version 16
VisualStudioVersion = 16.0.29424.173
MinimumVisualStudioVersion = 10.0.40219.1
Project("{FAE04EC0-301F-11D3-BF4B-00C04F79EFBC}") = "UniqueUsernames1", "UniqueUsernames1\UniqueUsernames1.csproj", "{11AF7025-6934-46AB-9F4E-EC2DF2C7B349}"
EndProject
Global
	GlobalSection(SolutionConfigurationPlatforms) = preSolution
		Debug|Any CPU = Debug|Any CPU
		Release|Any CPU = Release|Any CPU
	EndGlobalSection
	GlobalSection(ProjectConfigurationPlatforms) = postSolution
		{11AF7025-6934-46AB-9F4E-EC2DF2C7B349}.Debug|Any CPU.ActiveCfg = Debug|Any CPU
		{11AF7025-6934-46AB-9F4E-EC2DF2C7B349}.Debug|Any CPU.Build.0 = Debug|Any CPU
		{11AF7025-6934-46AB-9F4E-EC2DF2C7B349}.Release|Any CPU.ActiveCfg = Release|Any CPU
		{11AF7025-6934-46AB-9F4E-EC2DF2C7B349}.Release|Any CPU.Build.0 = Release|Any CPU
	EndGlobalSection
	GlobalSection(SolutionProperties) = preSolution
		HideSolutionNode = FALSE
	EndGlobalSection
	GlobalSection(ExtensibilityGlobals) = postSolution
		SolutionGuid = {924E9B90-85E9-4D25-BCBF-D0F714406D94}
	EndGlobalSection
EndGlobal
