
Microsoft Visual Studio Solution File, Format Version 12.00
# Visual Studio Version 16
VisualStudioVersion = 16.0.29424.173
MinimumVisualStudioVersion = 10.0.40219.1
Project("{FAE04EC0-301F-11D3-BF4B-00C04F79EFBC}") = "MaximumAndMinimumElement", "MaximumAndMinimumElement\MaximumAndMinimumElement.csproj", "{BFACFCC9-EE35-49DA-A86C-628C75314953}"
EndProject
Global
	GlobalSection(SolutionConfigurationPlatforms) = preSolution
		Debug|Any CPU = Debug|Any CPU
		Release|Any CPU = Release|Any CPU
	EndGlobalSection
	GlobalSection(ProjectConfigurationPlatforms) = postSolution
		{BFACFCC9-EE35-49DA-A86C-628C75314953}.Debug|Any CPU.ActiveCfg = Debug|Any CPU
		{BFACFCC9-EE35-49DA-A86C-628C75314953}.Debug|Any CPU.Build.0 = Debug|Any CPU
		{BFACFCC9-EE35-49DA-A86C-628C75314953}.Release|Any CPU.ActiveCfg = Release|Any CPU
		{BFACFCC9-EE35-49DA-A86C-628C75314953}.Release|Any CPU.Build.0 = Release|Any CPU
	EndGlobalSection
	GlobalSection(SolutionProperties) = preSolution
		HideSolutionNode = FALSE
	EndGlobalSection
	GlobalSection(ExtensibilityGlobals) = postSolution
		SolutionGuid = {A5E8589E-67A7-4848-A53C-71A52D9EB7FA}
	EndGlobalSection
EndGlobal
