
Microsoft Visual Studio Solution File, Format Version 12.00
# Visual Studio Version 16
VisualStudioVersion = 16.0.29424.173
MinimumVisualStudioVersion = 10.0.40219.1
Project("{FAE04EC0-301F-11D3-BF4B-00C04F79EFBC}") = "Wardrobe1", "Wardrobe1\Wardrobe1.csproj", "{F7C9B7B2-E01D-4FD8-963F-55E4EF3583DA}"
EndProject
Global
	GlobalSection(SolutionConfigurationPlatforms) = preSolution
		Debug|Any CPU = Debug|Any CPU
		Release|Any CPU = Release|Any CPU
	EndGlobalSection
	GlobalSection(ProjectConfigurationPlatforms) = postSolution
		{F7C9B7B2-E01D-4FD8-963F-55E4EF3583DA}.Debug|Any CPU.ActiveCfg = Debug|Any CPU
		{F7C9B7B2-E01D-4FD8-963F-55E4EF3583DA}.Debug|Any CPU.Build.0 = Debug|Any CPU
		{F7C9B7B2-E01D-4FD8-963F-55E4EF3583DA}.Release|Any CPU.ActiveCfg = Release|Any CPU
		{F7C9B7B2-E01D-4FD8-963F-55E4EF3583DA}.Release|Any CPU.Build.0 = Release|Any CPU
	EndGlobalSection
	GlobalSection(SolutionProperties) = preSolution
		HideSolutionNode = FALSE
	EndGlobalSection
	GlobalSection(ExtensibilityGlobals) = postSolution
		SolutionGuid = {1D235EDA-A9DF-4556-BC22-DA3E5BBCE0C8}
	EndGlobalSection
EndGlobal
