
Microsoft Visual Studio Solution File, Format Version 12.00
# Visual Studio Version 16
VisualStudioVersion = 16.0.29424.173
MinimumVisualStudioVersion = 10.0.40219.1
Project("{FAE04EC0-301F-11D3-BF4B-00C04F79EFBC}") = "songsQueue", "songsQueue\songsQueue.csproj", "{AEB5FF6E-CC01-49BF-998D-26757D5F7C6D}"
EndProject
Global
	GlobalSection(SolutionConfigurationPlatforms) = preSolution
		Debug|Any CPU = Debug|Any CPU
		Release|Any CPU = Release|Any CPU
	EndGlobalSection
	GlobalSection(ProjectConfigurationPlatforms) = postSolution
		{AEB5FF6E-CC01-49BF-998D-26757D5F7C6D}.Debug|Any CPU.ActiveCfg = Debug|Any CPU
		{AEB5FF6E-CC01-49BF-998D-26757D5F7C6D}.Debug|Any CPU.Build.0 = Debug|Any CPU
		{AEB5FF6E-CC01-49BF-998D-26757D5F7C6D}.Release|Any CPU.ActiveCfg = Release|Any CPU
		{AEB5FF6E-CC01-49BF-998D-26757D5F7C6D}.Release|Any CPU.Build.0 = Release|Any CPU
	EndGlobalSection
	GlobalSection(SolutionProperties) = preSolution
		HideSolutionNode = FALSE
	EndGlobalSection
	GlobalSection(ExtensibilityGlobals) = postSolution
		SolutionGuid = {E71B93F0-AD7B-4E7A-9926-019879F54EC1}
	EndGlobalSection
EndGlobal
