
Microsoft Visual Studio Solution File, Format Version 12.00
# Visual Studio Version 16
VisualStudioVersion = 16.0.29424.173
MinimumVisualStudioVersion = 10.0.40219.1
Project("{FAE04EC0-301F-11D3-BF4B-00C04F79EFBC}") = "copyBinaryFile", "copyBinaryFile\copyBinaryFile.csproj", "{8AD7CC87-0070-4C74-A8A4-9FCCCA17E825}"
EndProject
Global
	GlobalSection(SolutionConfigurationPlatforms) = preSolution
		Debug|Any CPU = Debug|Any CPU
		Release|Any CPU = Release|Any CPU
	EndGlobalSection
	GlobalSection(ProjectConfigurationPlatforms) = postSolution
		{8AD7CC87-0070-4C74-A8A4-9FCCCA17E825}.Debug|Any CPU.ActiveCfg = Debug|Any CPU
		{8AD7CC87-0070-4C74-A8A4-9FCCCA17E825}.Debug|Any CPU.Build.0 = Debug|Any CPU
		{8AD7CC87-0070-4C74-A8A4-9FCCCA17E825}.Release|Any CPU.ActiveCfg = Release|Any CPU
		{8AD7CC87-0070-4C74-A8A4-9FCCCA17E825}.Release|Any CPU.Build.0 = Release|Any CPU
	EndGlobalSection
	GlobalSection(SolutionProperties) = preSolution
		HideSolutionNode = FALSE
	EndGlobalSection
	GlobalSection(ExtensibilityGlobals) = postSolution
		SolutionGuid = {EB15E99E-307F-4452-BA1E-6465E79ED431}
	EndGlobalSection
EndGlobal
