
Microsoft Visual Studio Solution File, Format Version 12.00
# Visual Studio Version 16
VisualStudioVersion = 16.0.29424.173
MinimumVisualStudioVersion = 10.0.40219.1
Project("{FAE04EC0-301F-11D3-BF4B-00C04F79EFBC}") = "DiaginalDifference", "DiaginalDifference\DiaginalDifference.csproj", "{14B321D1-44B1-4579-9C06-31FEE78F8AD6}"
EndProject
Global
	GlobalSection(SolutionConfigurationPlatforms) = preSolution
		Debug|Any CPU = Debug|Any CPU
		Release|Any CPU = Release|Any CPU
	EndGlobalSection
	GlobalSection(ProjectConfigurationPlatforms) = postSolution
		{14B321D1-44B1-4579-9C06-31FEE78F8AD6}.Debug|Any CPU.ActiveCfg = Debug|Any CPU
		{14B321D1-44B1-4579-9C06-31FEE78F8AD6}.Debug|Any CPU.Build.0 = Debug|Any CPU
		{14B321D1-44B1-4579-9C06-31FEE78F8AD6}.Release|Any CPU.ActiveCfg = Release|Any CPU
		{14B321D1-44B1-4579-9C06-31FEE78F8AD6}.Release|Any CPU.Build.0 = Release|Any CPU
	EndGlobalSection
	GlobalSection(SolutionProperties) = preSolution
		HideSolutionNode = FALSE
	EndGlobalSection
	GlobalSection(ExtensibilityGlobals) = postSolution
		SolutionGuid = {07C6F750-36DF-4A4C-B0A6-461A6494587E}
	EndGlobalSection
EndGlobal
