
Microsoft Visual Studio Solution File, Format Version 12.00
# Visual Studio Version 16
VisualStudioVersion = 16.0.29424.173
MinimumVisualStudioVersion = 10.0.40219.1
Project("{FAE04EC0-301F-11D3-BF4B-00C04F79EFBC}") = "SoftUniParking", "SoftUniParking\SoftUniParking.csproj", "{835304AF-3B85-48F9-9612-581FCB6B1E01}"
EndProject
Global
	GlobalSection(SolutionConfigurationPlatforms) = preSolution
		Debug|Any CPU = Debug|Any CPU
		Release|Any CPU = Release|Any CPU
	EndGlobalSection
	GlobalSection(ProjectConfigurationPlatforms) = postSolution
		{835304AF-3B85-48F9-9612-581FCB6B1E01}.Debug|Any CPU.ActiveCfg = Debug|Any CPU
		{835304AF-3B85-48F9-9612-581FCB6B1E01}.Debug|Any CPU.Build.0 = Debug|Any CPU
		{835304AF-3B85-48F9-9612-581FCB6B1E01}.Release|Any CPU.ActiveCfg = Release|Any CPU
		{835304AF-3B85-48F9-9612-581FCB6B1E01}.Release|Any CPU.Build.0 = Release|Any CPU
	EndGlobalSection
	GlobalSection(SolutionProperties) = preSolution
		HideSolutionNode = FALSE
	EndGlobalSection
	GlobalSection(ExtensibilityGlobals) = postSolution
		SolutionGuid = {2BF3BA5D-1A2A-4F29-9AE6-E08077FD2C8E}
	EndGlobalSection
EndGlobal
