
Microsoft Visual Studio Solution File, Format Version 12.00
# Visual Studio Version 16
VisualStudioVersion = 16.0.29424.173
MinimumVisualStudioVersion = 10.0.40219.1
Project("{FAE04EC0-301F-11D3-BF4B-00C04F79EFBC}") = "DefineAnInterfaceIPerson", "DefineAnInterfaceIPerson\DefineAnInterfaceIPerson.csproj", "{FEE30CB2-9937-4FB4-BF44-3F235F8EB8D5}"
EndProject
Global
	GlobalSection(SolutionConfigurationPlatforms) = preSolution
		Debug|Any CPU = Debug|Any CPU
		Release|Any CPU = Release|Any CPU
	EndGlobalSection
	GlobalSection(ProjectConfigurationPlatforms) = postSolution
		{FEE30CB2-9937-4FB4-BF44-3F235F8EB8D5}.Debug|Any CPU.ActiveCfg = Debug|Any CPU
		{FEE30CB2-9937-4FB4-BF44-3F235F8EB8D5}.Debug|Any CPU.Build.0 = Debug|Any CPU
		{FEE30CB2-9937-4FB4-BF44-3F235F8EB8D5}.Release|Any CPU.ActiveCfg = Release|Any CPU
		{FEE30CB2-9937-4FB4-BF44-3F235F8EB8D5}.Release|Any CPU.Build.0 = Release|Any CPU
	EndGlobalSection
	GlobalSection(SolutionProperties) = preSolution
		HideSolutionNode = FALSE
	EndGlobalSection
	GlobalSection(ExtensibilityGlobals) = postSolution
		SolutionGuid = {9A0B20CD-496E-4AE0-A1D3-3A76991DA713}
	EndGlobalSection
EndGlobal
