
Microsoft Visual Studio Solution File, Format Version 12.00
# Visual Studio Version 16
VisualStudioVersion = 16.0.29424.173
MinimumVisualStudioVersion = 10.0.40219.1
Project("{FAE04EC0-301F-11D3-BF4B-00C04F79EFBC}") = "PokemonTrainer", "PokemonTrainer\PokemonTrainer.csproj", "{79BE001F-2A16-4850-9CC1-E80CA8A307A2}"
EndProject
Global
	GlobalSection(SolutionConfigurationPlatforms) = preSolution
		Debug|Any CPU = Debug|Any CPU
		Release|Any CPU = Release|Any CPU
	EndGlobalSection
	GlobalSection(ProjectConfigurationPlatforms) = postSolution
		{79BE001F-2A16-4850-9CC1-E80CA8A307A2}.Debug|Any CPU.ActiveCfg = Debug|Any CPU
		{79BE001F-2A16-4850-9CC1-E80CA8A307A2}.Debug|Any CPU.Build.0 = Debug|Any CPU
		{79BE001F-2A16-4850-9CC1-E80CA8A307A2}.Release|Any CPU.ActiveCfg = Release|Any CPU
		{79BE001F-2A16-4850-9CC1-E80CA8A307A2}.Release|Any CPU.Build.0 = Release|Any CPU
	EndGlobalSection
	GlobalSection(SolutionProperties) = preSolution
		HideSolutionNode = FALSE
	EndGlobalSection
	GlobalSection(ExtensibilityGlobals) = postSolution
		SolutionGuid = {3F9D6B54-0FA3-4989-A61A-4DF2B20B6341}
	EndGlobalSection
EndGlobal
