
Microsoft Visual Studio Solution File, Format Version 12.00
# Visual Studio Version 16
VisualStudioVersion = 16.0.29424.173
MinimumVisualStudioVersion = 10.0.40219.1
Project("{FAE04EC0-301F-11D3-BF4B-00C04F79EFBC}") = "JaggedArrayManipulator1", "JaggedArrayManipulator1\JaggedArrayManipulator1.csproj", "{433BB081-4F83-47AE-B4FD-7DDA2F9AEFC8}"
EndProject
Global
	GlobalSection(SolutionConfigurationPlatforms) = preSolution
		Debug|Any CPU = Debug|Any CPU
		Release|Any CPU = Release|Any CPU
	EndGlobalSection
	GlobalSection(ProjectConfigurationPlatforms) = postSolution
		{433BB081-4F83-47AE-B4FD-7DDA2F9AEFC8}.Debug|Any CPU.ActiveCfg = Debug|Any CPU
		{433BB081-4F83-47AE-B4FD-7DDA2F9AEFC8}.Debug|Any CPU.Build.0 = Debug|Any CPU
		{433BB081-4F83-47AE-B4FD-7DDA2F9AEFC8}.Release|Any CPU.ActiveCfg = Release|Any CPU
		{433BB081-4F83-47AE-B4FD-7DDA2F9AEFC8}.Release|Any CPU.Build.0 = Release|Any CPU
	EndGlobalSection
	GlobalSection(SolutionProperties) = preSolution
		HideSolutionNode = FALSE
	EndGlobalSection
	GlobalSection(ExtensibilityGlobals) = postSolution
		SolutionGuid = {8F11B9F1-1E5A-4AE5-8EAD-AB1220ABDFF4}
	EndGlobalSection
EndGlobal
